{
    "version": "0.5",
    "requires": [
        "zstd/1.5.7#b68ca8e3de04ba5957761751d1d661f4%1760955092.069",
        "zlib/1.3.2#1cb806da49011867778ffb6ac7190fcb%1777558780.503",
        "yaml-cpp/0.9.0#237a808ce73af0e5f32ba2834ae2baf0%1773328004.122",
        "xorg/system#87ea3cbfa907ff490f4ece2f5fa3dbb9%1781197504.821",
        "vulkan-utility-libraries/1.4.357.0#6a1f1df4866be5fc3829278c885273ed%1789471001.767",
        "vulkan-loader/1.4.357.0#922d9d2a0a832bb1cdf8a86d972974e6%1789470999.994",
        "vulkan-headers/1.4.357.0#1a38d7d226af6397679de25505ea13a9%1789470998.122",
        "vorbis/1.3.7#a019e93187ade6ee8a51762f88092604%1743676138.386",
        "ufbx/0.23.1#58c989432a0918e43b56b04b7b257334%1791285637.839913",
        "tracy/0.13.1#df9689303ecc235fabb3cdd2f29c2332%1767126230.265",
        "tinyxml2/10.0.0#832c7f8038cef53f6427577d6e66a7a8%1704034733.705",
        "tinyobjloader/2.0.0-rc13#4c757f12c5cf40934192ceb929196909%1791364716.6646547",
        "tinygltf/2.9.7#b683a4330f0cca88452bd8a7498f7c66%1770747563.208",
        "taskflow/4.1.0#70edd5c3447ee32e91748e72a0581594%1791361747.186776",
        "stb/cci.20240531#ede183dce303916dab0c1b835df3926a%1720366012.336",
        "spirv-cross/1.4.357.0#48ff59c0b8013dc9feb1a10997417642%1789470988.74",
        "spdlog/1.17.0#bcbaaf7147bda6ad24ffbd1ac3d7142c%1767636069.964",
        "slang/2026.19#5b6b8d477b3dbd17c4934180bb80080c%1791285636.170271",
        "plutovg/1.3.2#b14b7a546e43bc577774d0b7b0ba6283%1775055717.236",
        "opus/1.6.1#7e0197357d52694054095d4c9a3afc10%1782819563.442",
        "opengl/system#cfcf523b9d2bad75cbf377f56562634c%1762526044.744",
        "openal-soft/1.25.2#24640d1826e4d208ea7d6b40117a6562%1791377239.0",
        "ogg/1.3.5#e8186fe05ebe9f8e706fa4bde2164d12%1743515256.147",
        "nlohmann_json/3.12.0#2d634ab0ec8d9f56353e5ccef6d6612c%1744735883.94",
        "nativefiledialog-extended/1.4.1#2930229d86c392ebe0a3a738355d1e2e%1791285621.85491",
        "msdfgen/1.13#0e3291b20e2f031bcc9ed241eccc7eec%1791364716.5557265",
        "msdf-atlas-gen/1.4#4cb9d6a2f22d634fe97bb715da066726%1791364716.5384178",
        "mpg123/1.33.0#95d36db703fa30f138d7c37520a859a7%1751271775.829",
        "md4c/0.5.2#3d7106721e458f9f799b87d4d50d02e0%1746796758.933",
        "magic_enum/0.9.8#07eec6b649e10d7ce20e21fce5077e4a%1785743220.261",
        "lunasvg/3.5.0#131a794b249d3e454e203d1fcb4211bd%1779093403.873",
        "lua/5.5.0#2bac82d0b9a1744cfaf436c5c1d01bee%1775664604.889",
        "libsndfile/1.2.2#331a3bf2dc523194f5b4880ca807072a%1766399665.629",
        "libpng/1.6.58#19cb72905ae54f54948401f753faa2c1%1776606503.628",
        "libmp3lame/3.100#688599dfcd3c0a481223a43fa10115cd%1791300416.6462822",
        "libdwarf/2.1.0#eeec97d0fa36e5858f60706654ce50d8%1753852612.143",
        "libalsa/1.2.10#d884e121c5b9f48f2b8aceacbfa02f6b%1790078677.431",
        "imguizmo/1.10#b557cbb38e47a5889bf01dbc2802c24f%1791285620.4014475",
        "imgui-color-text-edit/cci.20260417#4549c32dd538a8a2a3b5562dd31c6576%1791285639.121554",
        "imgui/1.92.9b-docking#e46e8051a5c5e45422ddf7fa3c28e96e%1785711531.977",
        "gtest/1.18.0#e2507fc4efe2ec9e2db9e5c91eefab9f%1786446847.733",
        "glfw/3.4#9c13be3a6154a87545f2517e8769d938%1791404744.757754",
        "glad/2.0.8#a296ca44353184764ba2d698034b9d94%1757486213.942",
        "freetype/2.13.2#18656f7a6d52256a930f1cbd79f1509d%1756828316.696",
        "flac/1.4.2#a903f1a261e796e4a1061fdfd48927a3%1761738290.975",
        "entt/4.0.0#03f2159cb10502bbf2ca36a16e513fa2%1791361747.026567",
        "cpptrace/1.0.4#f8aab4635af0af4d44e622eedec16642%1777373163.79",
        "bzip2/1.0.8#c470882369c2d95c5c77e970c0c7e321%1762886692.465",
        "brotli/1.1.0#3f631ef77008f7b5eb388780116371a3%1764862343.045",
        "box2d/3.1.1#5c189d06dec075e8af56fc09c22a9815%1761575890.252"
    ],
    "build_requires": [
        "yasm/1.3.0#c0bc84844465e1cd7850c820ad5b09b6%1752493247.057",
        "pkgconf/2.5.1#93c2051284cba1279494a43a4fcfeae2%1757684701.089",
        "ninja/1.13.2#c8c5dc2a52ed6e4e42a66d75b4717ceb%1764096931.974",
        "meson/1.10.2#9d2d10681fe7fe61c788c58626c89b25%1775558003.754",
        "gnu-config/cci.20210814#466e9d4d7779e1c142443f7ea44b4284%1762363589.329",
        "cmake/4.4.3#8b46ce9dbf1937af1c05f19579c1f105%1789658722.203"
    ],
    "python_requires": [],
    "overrides": {
        "imgui/1.92.9b": [
            "imgui/1.92.9b-docking"
        ]
    },
    "config_requires": []
}
